
Microsoft Visual Studio Solution File, Format Version 12.00
# Visual Studio Version 16
VisualStudioVersion = 16.0.32413.511
MinimumVisualStudioVersion = 10.0.40219.1
Project("{FAE04EC0-301F-11D3-BF4B-00C04F79EFBC}") = "MedicalWebApp", "MedicalWebApp.csproj", "{A6BF8844-3F06-40E3-BA81-B0C89A5296FD}"
EndProject
Global
	GlobalSection(SolutionConfigurationPlatforms) = preSolution
		Debug|Any CPU = Debug|Any CPU
		Release|Any CPU = Release|Any CPU
	EndGlobalSection
	GlobalSection(ProjectConfigurationPlatforms) = postSolution
		{A6BF8844-3F06-40E3-BA81-B0C89A5296FD}.Debug|Any CPU.ActiveCfg = Debug|Any CPU
		{A6BF8844-3F06-40E3-BA81-B0C89A5296FD}.Debug|Any CPU.Build.0 = Debug|Any CPU
		{A6BF8844-3F06-40E3-BA81-B0C89A5296FD}.Release|Any CPU.ActiveCfg = Release|Any CPU
		{A6BF8844-3F06-40E3-BA81-B0C89A5296FD}.Release|Any CPU.Build.0 = Release|Any CPU
	EndGlobalSection
	GlobalSection(SolutionProperties) = preSolution
		HideSolutionNode = FALSE
	EndGlobalSection
	GlobalSection(ExtensibilityGlobals) = postSolution
		SolutionGuid = {220EA0A1-07CF-4BC0-A168-157E0DD12BA2}
	EndGlobalSection
EndGlobal
